
Microsoft Visual Studio Solution File, Format Version 12.00
# Visual Studio Version 16
VisualStudioVersion = 16.0.32228.343
MinimumVisualStudioVersion = 10.0.40219.1
Project("{FAE04EC0-301F-11D3-BF4B-00C04F79EFBC}") = "BracoProyectos", "BracoProyectos.csproj", "{B358269F-B7D1-4CAE-BC77-362E57FBC43B}"
EndProject
Global
	GlobalSection(SolutionConfigurationPlatforms) = preSolution
		Debug|Any CPU = Debug|Any CPU
		Release|Any CPU = Release|Any CPU
	EndGlobalSection
	GlobalSection(ProjectConfigurationPlatforms) = postSolution
		{B358269F-B7D1-4CAE-BC77-362E57FBC43B}.Debug|Any CPU.ActiveCfg = Debug|Any CPU
		{B358269F-B7D1-4CAE-BC77-362E57FBC43B}.Debug|Any CPU.Build.0 = Debug|Any CPU
		{B358269F-B7D1-4CAE-BC77-362E57FBC43B}.Release|Any CPU.ActiveCfg = Release|Any CPU
		{B358269F-B7D1-4CAE-BC77-362E57FBC43B}.Release|Any CPU.Build.0 = Release|Any CPU
	EndGlobalSection
	GlobalSection(SolutionProperties) = preSolution
		HideSolutionNode = FALSE
	EndGlobalSection
	GlobalSection(ExtensibilityGlobals) = postSolution
		SolutionGuid = {776D164F-5B63-4FCC-8A53-E784F4601785}
	EndGlobalSection
EndGlobal
